// !$*UTF8*$!
{
	archiveVersion = 1;
	classes = {
	};
	objectVersion = 46;
	objects = {

/* Begin PBXBuildFile section */
		A467DF5B1C32249400E23449 /* main.m in Sources */ = {isa = PBXBuildFile; fileRef = A467DF5A1C32249400E23449 /* main.m */; };
		A467DF5E1C32249400E23449 /* AppDelegate.m in Sources */ = {isa = PBXBuildFile; fileRef = A467DF5D1C32249400E23449 /* AppDelegate.m */; };
		A467DF611C32249400E23449 /* ViewController.m in Sources */ = {isa = PBXBuildFile; fileRef = A467DF601C32249400E23449 /* ViewController.m */; };
		A467DF641C32249400E23449 /* Main.storyboard in Resources */ = {isa = PBXBuildFile; fileRef = A467DF621C32249400E23449 /* Main.storyboard */; };
		A467DF661C32249400E23449 /* Assets.xcassets in Resources */ = {isa = PBXBuildFile; fileRef = A467DF651C32249400E23449 /* Assets.xcassets */; };
		A467DF691C32249400E23449 /* LaunchScreen.storyboard in Resources */ = {isa = PBXBuildFile; fileRef = A467DF671C32249400E23449 /* LaunchScreen.storyboard */; };
		A467DF741C32249500E23449 /* DemoTests.m in Sources */ = {isa = PBXBuildFile; fileRef = A467DF731C32249500E23449 /* DemoTests.m */; };
		A467DF7F1C32249500E23449 /* DemoUITests.m in Sources */ = {isa = PBXBuildFile; fileRef = A467DF7E1C32249500E23449 /* DemoUITests.m */; };
/* End PBXBuildFile section */

/* Begin PBXContainerItemProxy section */
		A467DF701C32249500E23449 /* PBXContainerItemProxy */ = {
			isa = PBXContainerItemProxy;
			containerPortal = A467DF4E1C32249400E23449 /* Project object */;
			proxyType = 1;
			remoteGlobalIDString = A467DF551C32249400E23449;
			remoteInfo = Demo;
		};
		A467DF7B1C32249500E23449 /* PBXContainerItemProxy */ = {
			isa = PBXContainerItemProxy;
			containerPortal = A467DF4E1C32249400E23449 /* Project object */;
			proxyType = 1;
			remoteGlobalIDString = A467DF551C32249400E23449;
			remoteInfo = Demo;
		};
/* End PBXContainerItemProxy section */

/* Begin PBXFileReference section */
		A467DF561C32249400E23449 /* Demo.app */ = {isa = PBXFileReference; explicitFileType = wrapper.application; includeInIndex = 0; path = Demo.app; sourceTree = BUILT_PRODUCTS_DIR; };
		A467DF5A1C32249400E23449 /* main.m */ = {isa = PBXFileReference; lastKnownFileType = sourcecode.c.objc; path = main.m; sourceTree = "<group>"; };
		A467DF5C1C32249400E23449 /* AppDelegate.h */ = {isa = PBXFileReference; lastKnownFileType = sourcecode.c.h; path = AppDelegate.h; sourceTree = "<group>"; };
		A467DF5D1C32249400E23449 /* AppDelegate.m */ = {isa = PBXFileReference; lastKnownFileType = sourcecode.c.objc; path = AppDelegate.m; sourceTree = "<group>"; };
		A467DF5F1C32249400E23449 /* ViewController.h */ = {isa = PBXFileReference; lastKnownFileType = sourcecode.c.h; path = ViewController.h; sourceTree = "<group>"; };
		A467DF601C32249400E23449 /* ViewController.m */ = {isa = PBXFileReference; lastKnownFileType = sourcecode.c.objc; path = ViewController.m; sourceTree = "<group>"; };
		A467DF631C32249400E23449 /* Base */ = {isa = PBXFileReference; lastKnownFileType = file.storyboard; name = Base; path = Base.lproj/Main.storyboard; sourceTree = "<group>"; };
		A467DF651C32249400E23449 /* Assets.xcassets */ = {isa = PBXFileReference; lastKnownFileType = folder.assetcatalog; path = Assets.xcassets; sourceTree = "<group>"; };
		A467DF681C32249400E23449 /* Base */ = {isa = PBXFileReference; lastKnownFileType = file.storyboard; name = Base; path = Base.lproj/LaunchScreen.storyboard; sourceTree = "<group>"; };
		A467DF6A1C32249400E23449 /* Info.plist */ = {isa = PBXFileReference; lastKnownFileType = text.plist.xml; path = Info.plist; sourceTree = "<group>"; };
		A467DF6F1C32249500E23449 /* DemoTests.xctest */ = {isa = PBXFileReference; explicitFileType = wrapper.cfbundle; includeInIndex = 0; path = DemoTests.xctest; sourceTree = BUILT_PRODUCTS_DIR; };
		A467DF731C32249500E23449 /* DemoTests.m */ = {isa = PBXFileReference; lastKnownFileType = sourcecode.c.objc; path = DemoTests.m; sourceTree = "<group>"; };
		A467DF751C32249500E23449 /* Info.plist */ = {isa = PBXFileReference; lastKnownFileType = text.plist.xml; path = Info.plist; sourceTree = "<group>"; };
		A467DF7A1C32249500E23449 /* DemoUITests.xctest */ = {isa = PBXFileReference; explicitFileType = wrapper.cfbundle; includeInIndex = 0; path = DemoUITests.xctest; sourceTree = BUILT_PRODUCTS_DIR; };
		A467DF7E1C32249500E23449 /* DemoUITests.m */ = {isa = PBXFileReference; lastKnownFileType = sourcecode.c.objc; path = DemoUITests.m; sourceTree = "<group>"; };
		A467DF801C32249500E23449 /* Info.plist */ = {isa = PBXFileReference; lastKnownFileType = text.plist.xml; path = Info.plist; sourceTree = "<group>"; };
/* End PBXFileReference section */

/* Begin PBXFrameworksBuildPhase section */
		A467DF531C32249400E23449 /* Frameworks */ = {
			isa = PBXFrameworksBuildPhase;
			buildActionMask = 2147483647;
			files = (
			);
			runOnlyForDeploymentPostprocessing = 0;
		};
		A467DF6C1C32249500E23449 /* Frameworks */ = {
			isa = PBXFrameworksBuildPhase;
			buildActionMask = 2147483647;
			files = (
			);
			runOnlyForDeploymentPostprocessing = 0;
		};
		A467DF771C32249500E23449 /* Frameworks */ = {
			isa = PBXFrameworksBuildPhase;
			buildActionMask = 2147483647;
			files = (
			);
			runOnlyForDeploymentPostprocessing = 0;
		};
/* End PBXFrameworksBuildPhase section */

/* Begin PBXGroup section */
		A467DF4D1C32249400E23449 = {
			isa = PBXGroup;
			children = (
				A467DF581C32249400E23449 /* Demo */,
				A467DF721C32249500E23449 /* DemoTests */,
				A467DF7D1C32249500E23449 /* DemoUITests */,
				A467DF571C32249400E23449 /* Products */,
			);
			sourceTree = "<group>";
		};
		A467DF571C32249400E23449 /* Products */ = {
			isa = PBXGroup;
			children = (
				A467DF561C32249400E23449 /* Demo.app */,
				A467DF6F1C32249500E23449 /* DemoTests.xctest */,
				A467DF7A1C32249500E23449 /* DemoUITests.xctest */,
			);
			name = Products;
			sourceTree = "<group>";
		};
		A467DF581C32249400E23449 /* Demo */ = {
			isa = PBXGroup;
			children = (
				A467DF5C1C32249400E23449 /* AppDelegate.h */,
				A467DF5D1C32249400E23449 /* AppDelegate.m */,
				A467DF5F1C32249400E23449 /* ViewController.h */,
				A467DF601C32249400E23449 /* ViewController.m */,
				A467DF621C32249400E23449 /* Main.storyboard */,
				A467DF651C32249400E23449 /* Assets.xcassets */,
				A467DF671C32249400E23449 /* LaunchScreen.storyboard */,
				A467DF6A1C32249400E23449 /* Info.plist */,
				A467DF591C32249400E23449 /* Supporting Files */,
			);
			path = Demo;
			sourceTree = "<group>";
		};
		A467DF591C32249400E23449 /* Supporting Files */ = {
			isa = PBXGroup;
			children = (
				A467DF5A1C32249400E23449 /* main.m */,
			);
			name = "Supporting Files";
			sourceTree = "<group>";
		};
		A467DF721C32249500E23449 /* DemoTests */ = {
			isa = PBXGroup;
			children = (
				A467DF731C32249500E23449 /* DemoTests.m */,
				A467DF751C32249500E23449 /* Info.plist */,
			);
			path = DemoTests;
			sourceTree = "<group>";
		};
		A467DF7D1C32249500E23449 /* DemoUITests */ = {
			isa = PBXGroup;
			children = (
				A467DF7E1C32249500E23449 /* DemoUITests.m */,
				A467DF801C32249500E23449 /* Info.plist */,
			);
			path = DemoUITests;
			sourceTree = "<group>";
		};
/* End PBXGroup section */

/* Begin PBXNativeTarget section */
		A467DF551C32249400E23449 /* Demo */ = {
			isa = PBXNativeTarget;
			buildConfigurationList = A467DF831C32249500E23449 /* Build configuration list for PBXNativeTarget "Demo" */;
			buildPhases = (
				A467DF521C32249400E23449 /* Sources */,
				A467DF531C32249400E23449 /* Frameworks */,
				A467DF541C32249400E23449 /* Resources */,
			);
			buildRules = (
			);
			dependencies = (
			);
			name = Demo;
			productName = Demo;
			productReference = A467DF561C32249400E23449 /* Demo.app */;
			productType = "com.apple.product-type.application";
		};
		A467DF6E1C32249500E23449 /* DemoTests */ = {
			isa = PBXNativeTarget;
			buildConfigurationList = A467DF861C32249500E23449 /* Build configuration list for PBXNativeTarget "DemoTests" */;
			buildPhases = (
				A467DF6B1C32249500E23449 /* Sources */,
				A467DF6C1C32249500E23449 /* Frameworks */,
				A467DF6D1C32249500E23449 /* Resources */,
			);
			buildRules = (
			);
			dependencies = (
				A467DF711C32249500E23449 /* PBXTargetDependency */,
			);
			name = DemoTests;
			productName = DemoTests;
			productReference = A467DF6F1C32249500E23449 /* DemoTests.xctest */;
			productType = "com.apple.product-type.bundle.unit-test";
		};
		A467DF791C32249500E23449 /* DemoUITests */ = {
			isa = PBXNativeTarget;
			buildConfigurationList = A467DF891C32249500E23449 /* Build configuration list for PBXNativeTarget "DemoUITests" */;
			buildPhases = (
				A467DF761C32249500E23449 /* Sources */,
				A467DF771C32249500E23449 /* Frameworks */,
				A467DF781C32249500E23449 /* Resources */,
			);
			buildRules = (
			);
			dependencies = (
				A467DF7C1C32249500E23449 /* PBXTargetDependency */,
			);
			name = DemoUITests;
			productName = DemoUITests;
			productReference = A467DF7A1C32249500E23449 /* DemoUITests.xctest */;
			productType = "com.apple.product-type.bundle.ui-testing";
		};
/* End PBXNativeTarget section */

/* Begin PBXProject section */
		A467DF4E1C32249400E23449 /* Project object */ = {
			isa = PBXProject;
			attributes = {
				LastUpgradeCheck = 0720;
				ORGANIZATIONNAME = MacQiu;
				TargetAttributes = {
					A467DF551C32249400E23449 = {
						CreatedOnToolsVersion = 7.2;
					};
					A467DF6E1C32249500E23449 = {
						CreatedOnToolsVersion = 7.2;
						TestTargetID = A467DF551C32249400E23449;
					};
					A467DF791C32249500E23449 = {
						CreatedOnToolsVersion = 7.2;
						TestTargetID = A467DF551C32249400E23449;
					};
				};
			};
			buildConfigurationList = A467DF511C32249400E23449 /* Build configuration list for PBXProject "Demo" */;
			compatibilityVersion = "Xcode 3.2";
			developmentRegion = English;
			hasScannedForEncodings = 0;
			knownRegions = (
				en,
				Base,
			);
			mainGroup = A467DF4D1C32249400E23449;
			productRefGroup = A467DF571C32249400E23449 /* Products */;
			projectDirPath = "";
			projectRoot = "";
			targets = (
				A467DF551C32249400E23449 /* Demo */,
				A467DF6E1C32249500E23449 /* DemoTests */,
				A467DF791C32249500E23449 /* DemoUITests */,
			);
		};
/* End PBXProject section */

/* Begin PBXResourcesBuildPhase section */
		A467DF541C32249400E23449 /* Resources */ = {
			isa = PBXResourcesBuildPhase;
			buildActionMask = 2147483647;
			files = (
				A467DF691C32249400E23449 /* LaunchScreen.storyboard in Resources */,
				A467DF661C32249400E23449 /* Assets.xcassets in Resources */,
				A467DF641C32249400E23449 /* Main.storyboard in Resources */,
			);
			runOnlyForDeploymentPostprocessing = 0;
		};
		A467DF6D1C32249500E23449 /* Resources */ = {
			isa = PBXResourcesBuildPhase;
			buildActionMask = 2147483647;
			files = (
			);
			runOnlyForDeploymentPostprocessing = 0;
		};
		A467DF781C32249500E23449 /* Resources */ = {
			isa = PBXResourcesBuildPhase;
			buildActionMask = 2147483647;
			files = (
			);
			runOnlyForDeploymentPostprocessing = 0;
		};
/* End PBXResourcesBuildPhase section */

/* Begin PBXSourcesBuildPhase section */
		A467DF521C32249400E23449 /* Sources */ = {
			isa = PBXSourcesBuildPhase;
			buildActionMask = 2147483647;
			files = (
				A467DF611C32249400E23449 /* ViewController.m in Sources */,
				A467DF5E1C32249400E23449 /* AppDelegate.m in Sources */,
				A467DF5B1C32249400E23449 /* main.m in Sources */,
			);
			runOnlyForDeploymentPostprocessing = 0;
		};
		A467DF6B1C32249500E23449 /* Sources */ = {
			isa = PBXSourcesBuildPhase;
			buildActionMask = 2147483647;
			files = (
				A467DF741C32249500E23449 /* DemoTests.m in Sources */,
			);
			runOnlyForDeploymentPostprocessing = 0;
		};
		A467DF761C32249500E23449 /* Sources */ = {
			isa = PBXSourcesBuildPhase;
			buildActionMask = 2147483647;
			files = (
				A467DF7F1C32249500E23449 /* DemoUITests.m in Sources */,
			);
			runOnlyForDeploymentPostprocessing = 0;
		};
/* End PBXSourcesBuildPhase section */

/* Begin PBXTargetDependency section */
		A467DF711C32249500E23449 /* PBXTargetDependency */ = {
			isa = PBXTargetDependency;
			target = A467DF551C32249400E23449 /* Demo */;
			targetProxy = A467DF701C32249500E23449 /* PBXContainerItemProxy */;
		};
		A467DF7C1C32249500E23449 /* PBXTargetDependency */ = {
			isa = PBXTargetDependency;
			target = A467DF551C32249400E23449 /* Demo */;
			targetProxy = A467DF7B1C32249500E23449 /* PBXContainerItemProxy */;
		};
/* End PBXTargetDependency section */

/* Begin PBXVariantGroup section */
		A467DF621C32249400E23449 /* Main.storyboard */ = {
			isa = PBXVariantGroup;
			children = (
				A467DF631C32249400E23449 /* Base */,
			);
			name = Main.storyboard;
			sourceTree = "<group>";
		};
		A467DF671C32249400E23449 /* LaunchScreen.storyboard */ = {
			isa = PBXVariantGroup;
			children = (
				A467DF681C32249400E23449 /* Base */,
			);
			name = LaunchScreen.storyboard;
			sourceTree = "<group>";
		};
/* End PBXVariantGroup section */

/* Begin XCBuildConfiguration section */
		A467DF811C32249500E23449 /* Debug */ = {
			isa = XCBuildConfiguration;
			buildSettings = {
				ALWAYS_SEARCH_USER_PATHS = NO;
				CLANG_CXX_LANGUAGE_STANDARD = "gnu++0x";
				CLANG_CXX_LIBRARY = "libc++";
				CLANG_ENABLE_MODULES = YES;
				CLANG_ENABLE_OBJC_ARC = YES;
				CLANG_WARN_BOOL_CONVERSION = YES;
				CLANG_WARN_CONSTANT_CONVERSION = YES;
				CLANG_WARN_DIRECT_OBJC_ISA_USAGE = YES_ERROR;
				CLANG_WARN_EMPTY_BODY = YES;
				CLANG_WARN_ENUM_CONVERSION = YES;
				CLANG_WARN_INT_CONVERSION = YES;
				CLANG_WARN_OBJC_ROOT_CLASS = YES_ERROR;
				CLANG_WARN_UNREACHABLE_CODE = YES;
				CLANG_WARN__DUPLICATE_METHOD_MATCH = YES;
				"CODE_SIGN_IDENTITY[sdk=iphoneos*]" = "iPhone Developer";
				COPY_PHASE_STRIP = NO;
				DEBUG_INFORMATION_FORMAT = dwarf;
				ENABLE_STRICT_OBJC_MSGSEND = YES;
				ENABLE_TESTABILITY = YES;
				GCC_C_LANGUAGE_STANDARD = gnu99;
				GCC_DYNAMIC_NO_PIC = NO;
				GCC_NO_COMMON_BLOCKS = YES;
				GCC_OPTIMIZATION_LEVEL = 0;
				GCC_PREPROCESSOR_DEFINITIONS = (
					"DEBUG=1",
					"$(inherited)",
				);
				GCC_WARN_64_TO_32_BIT_CONVERSION = YES;
				GCC_WARN_ABOUT_RETURN_TYPE = YES_ERROR;
				GCC_WARN_UNDECLARED_SELECTOR = YES;
				GCC_WARN_UNINITIALIZED_AUTOS = YES_AGGRESSIVE;
				GCC_WARN_UNUSED_FUNCTION = YES;
				GCC_WARN_UNUSED_VARIABLE = YES;
				IPHONEOS_DEPLOYMENT_TARGET = 9.2;
				MTL_ENABLE_DEBUG_INFO = YES;
				ONLY_ACTIVE_ARCH = YES;
				SDKROOT = iphoneos;
				TARGETED_DEVICE_FAMILY = "1,2";
			};
			name = Debug;
		};
		A467DF821C32249500E23449 /* Release */ = {
			isa = XCBuildConfiguration;
			buildSettings = {
				ALWAYS_SEARCH_USER_PATHS = NO;
				CLANG_CXX_LANGUAGE_STANDARD = "gnu++0x";
				CLANG_CXX_LIBRARY = "libc++";
				CLANG_ENABLE_MODULES = YES;
				CLANG_ENABLE_OBJC_ARC = YES;
				CLANG_WARN_BOOL_CONVERSION = YES;
				CLANG_WARN_CONSTANT_CONVERSION = YES;
				CLANG_WARN_DIRECT_OBJC_ISA_USAGE = YES_ERROR;
				CLANG_WARN_EMPTY_BODY = YES;
				CLANG_WARN_ENUM_CONVERSION = YES;
				CLANG_WARN_INT_CONVERSION = YES;
				CLANG_WARN_OBJC_ROOT_CLASS = YES_ERROR;
				CLANG_WARN_UNREACHABLE_CODE = YES;
				CLANG_WARN__DUPLICATE_METHOD_MATCH = YES;
				"CODE_SIGN_IDENTITY[sdk=iphoneos*]" = "iPhone Developer";
				COPY_PHASE_STRIP = NO;
				DEBUG_INFORMATION_FORMAT = "dwarf-with-dsym";
				ENABLE_NS_ASSERTIONS = NO;
				ENABLE_STRICT_OBJC_MSGSEND = YES;
				GCC_C_LANGUAGE_STANDARD = gnu99;
				GCC_NO_COMMON_BLOCKS = YES;
				GCC_WARN_64_TO_32_BIT_CONVERSION = YES;
				GCC_WARN_ABOUT_RETURN_TYPE = YES_ERROR;
				GCC_WARN_UNDECLARED_SELECTOR = YES;
				GCC_WARN_UNINITIALIZED_AUTOS = YES_AGGRESSIVE;
				GCC_WARN_UNUSED_FUNCTION = YES;
				GCC_WARN_UNUSED_VARIABLE = YES;
				IPHONEOS_DEPLOYMENT_TARGET = 9.2;
				MTL_ENABLE_DEBUG_INFO = NO;
				SDKROOT = iphoneos;
				TARGETED_DEVICE_FAMILY = "1,2";
				VALIDATE_PRODUCT = YES;
			};
			name = Release;
		};
		A467DF841C32249500E23449 /* Debug */ = {
			isa = XCBuildConfiguration;
			buildSettings = {
				ASSETCATALOG_COMPILER_APPICON_NAME = AppIcon;
				INFOPLIST_FILE = Demo/Info.plist;
				LD_RUNPATH_SEARCH_PATHS = "$(inherited) @executable_path/Frameworks";
				PRODUCT_BUNDLE_IDENTIFIER = com.odianyun.Demo;
				PRODUCT_NAME = "$(TARGET_NAME)";
			};
			name = Debug;
		};
		A467DF851C32249500E23449 /* Release */ = {
			isa = XCBuildConfiguration;
			buildSettings = {
				ASSETCATALOG_COMPILER_APPICON_NAME = AppIcon;
				INFOPLIST_FILE = Demo/Info.plist;
				LD_RUNPATH_SEARCH_PATHS = "$(inherited) @executable_path/Frameworks";
				PRODUCT_BUNDLE_IDENTIFIER = com.odianyun.Demo;
				PRODUCT_NAME = "$(TARGET_NAME)";
			};
			name = Release;
		};
		A467DF871C32249500E23449 /* Debug */ = {
			isa = XCBuildConfiguration;
			buildSettings = {
				BUNDLE_LOADER = "$(TEST_HOST)";
				INFOPLIST_FILE = DemoTests/Info.plist;
				LD_RUNPATH_SEARCH_PATHS = "$(inherited) @executable_path/Frameworks @loader_path/Frameworks";
				PRODUCT_BUNDLE_IDENTIFIER = com.odianyun.DemoTests;
				PRODUCT_NAME = "$(TARGET_NAME)";
				TEST_HOST = "$(BUILT_PRODUCTS_DIR)/Demo.app/Demo";
			};
			name = Debug;
		};
		A467DF881C32249500E23449 /* Release */ = {
			isa = XCBuildConfiguration;
			buildSettings = {
				BUNDLE_LOADER = "$(TEST_HOST)";
				INFOPLIST_FILE = DemoTests/Info.plist;
				LD_RUNPATH_SEARCH_PATHS = "$(inherited) @executable_path/Frameworks @loader_path/Frameworks";
				PRODUCT_BUNDLE_IDENTIFIER = com.odianyun.DemoTests;
				PRODUCT_NAME = "$(TARGET_NAME)";
				TEST_HOST = "$(BUILT_PRODUCTS_DIR)/Demo.app/Demo";
			};
			name = Release;
		};
		A467DF8A1C32249500E23449 /* Debug */ = {
			isa = XCBuildConfiguration;
			buildSettings = {
				INFOPLIST_FILE = DemoUITests/Info.plist;
				LD_RUNPATH_SEARCH_PATHS = "$(inherited) @executable_path/Frameworks @loader_path/Frameworks";
				PRODUCT_BUNDLE_IDENTIFIER = com.odianyun.DemoUITests;
				PRODUCT_NAME = "$(TARGET_NAME)";
				TEST_TARGET_NAME = Demo;
				USES_XCTRUNNER = YES;
			};
			name = Debug;
		};
		A467DF8B1C32249500E23449 /* Release */ = {
			isa = XCBuildConfiguration;
			buildSettings = {
				INFOPLIST_FILE = DemoUITests/Info.plist;
				LD_RUNPATH_SEARCH_PATHS = "$(inherited) @executable_path/Frameworks @loader_path/Frameworks";
				PRODUCT_BUNDLE_IDENTIFIER = com.odianyun.DemoUITests;
				PRODUCT_NAME = "$(TARGET_NAME)";
				TEST_TARGET_NAME = Demo;
				USES_XCTRUNNER = YES;
			};
			name = Release;
		};
/* End XCBuildConfiguration section */

/* Begin XCConfigurationList section */
		A467DF511C32249400E23449 /* Build configuration list for PBXProject "Demo" */ = {
			isa = XCConfigurationList;
			buildConfigurations = (
				A467DF811C32249500E23449 /* Debug */,
				A467DF821C32249500E23449 /* Release */,
			);
			defaultConfigurationIsVisible = 0;
			defaultConfigurationName = Release;
		};
		A467DF831C32249500E23449 /* Build configuration list for PBXNativeTarget "Demo" */ = {
			isa = XCConfigurationList;
			buildConfigurations = (
				A467DF841C32249500E23449 /* Debug */,
				A467DF851C32249500E23449 /* Release */,
			);
			defaultConfigurationIsVisible = 0;
		};
		A467DF861C32249500E23449 /* Build configuration list for PBXNativeTarget "DemoTests" */ = {
			isa = XCConfigurationList;
			buildConfigurations = (
				A467DF871C32249500E23449 /* Debug */,
				A467DF881C32249500E23449 /* Release */,
			);
			defaultConfigurationIsVisible = 0;
		};
		A467DF891C32249500E23449 /* Build configuration list for PBXNativeTarget "DemoUITests" */ = {
			isa = XCConfigurationList;
			buildConfigurations = (
				A467DF8A1C32249500E23449 /* Debug */,
				A467DF8B1C32249500E23449 /* Release */,
			);
			defaultConfigurationIsVisible = 0;
		};
/* End XCConfigurationList section */
	};
	rootObject = A467DF4E1C32249400E23449 /* Project object */;
}
